
Microsoft Visual Studio Solution File, Format Version 12.00
# Visual Studio 15
Project("{FAE04EC0-301F-11D3-BF4B-00C04F79EFBC}") = "labb3.Android", "labb3.Android\labb3.Android.csproj", "{086056D8-B3EE-4D24-8B37-BCD329CFC036}"
EndProject
Project("{FAE04EC0-301F-11D3-BF4B-00C04F79EFBC}") = "labb3.iOS", "labb3.iOS\labb3.iOS.csproj", "{7C088F1F-36C3-4B04-AA5B-BDD1BB775C92}"
EndProject
Project("{FAE04EC0-301F-11D3-BF4B-00C04F79EFBC}") = "labb3", "labb3\labb3.csproj", "{31C1F23E-23D3-4FF9-BC1B-FEB6D71D7E1C}"
EndProject
Global
	GlobalSection(SolutionConfigurationPlatforms) = preSolution
		Debug|Any CPU = Debug|Any CPU
		Release|Any CPU = Release|Any CPU
		Debug|iPhoneSimulator = Debug|iPhoneSimulator
		Release|iPhoneSimulator = Release|iPhoneSimulator
		Debug|iPhone = Debug|iPhone
		Release|iPhone = Release|iPhone
	EndGlobalSection
	GlobalSection(ProjectConfigurationPlatforms) = postSolution
		{086056D8-B3EE-4D24-8B37-BCD329CFC036}.Debug|Any CPU.ActiveCfg = Debug|Any CPU
		{086056D8-B3EE-4D24-8B37-BCD329CFC036}.Debug|Any CPU.Build.0 = Debug|Any CPU
		{086056D8-B3EE-4D24-8B37-BCD329CFC036}.Release|Any CPU.ActiveCfg = Release|Any CPU
		{086056D8-B3EE-4D24-8B37-BCD329CFC036}.Release|Any CPU.Build.0 = Release|Any CPU
		{086056D8-B3EE-4D24-8B37-BCD329CFC036}.Debug|iPhoneSimulator.ActiveCfg = Debug|Any CPU
		{086056D8-B3EE-4D24-8B37-BCD329CFC036}.Debug|iPhoneSimulator.Build.0 = Debug|Any CPU
		{086056D8-B3EE-4D24-8B37-BCD329CFC036}.Release|iPhoneSimulator.ActiveCfg = Release|Any CPU
		{086056D8-B3EE-4D24-8B37-BCD329CFC036}.Release|iPhoneSimulator.Build.0 = Release|Any CPU
		{086056D8-B3EE-4D24-8B37-BCD329CFC036}.Debug|iPhone.ActiveCfg = Debug|Any CPU
		{086056D8-B3EE-4D24-8B37-BCD329CFC036}.Debug|iPhone.Build.0 = Debug|Any CPU
		{086056D8-B3EE-4D24-8B37-BCD329CFC036}.Release|iPhone.ActiveCfg = Release|Any CPU
		{086056D8-B3EE-4D24-8B37-BCD329CFC036}.Release|iPhone.Build.0 = Release|Any CPU
		{7C088F1F-36C3-4B04-AA5B-BDD1BB775C92}.Debug|Any CPU.ActiveCfg = Debug|iPhoneSimulator
		{7C088F1F-36C3-4B04-AA5B-BDD1BB775C92}.Debug|Any CPU.Build.0 = Debug|iPhoneSimulator
		{7C088F1F-36C3-4B04-AA5B-BDD1BB775C92}.Release|Any CPU.ActiveCfg = Release|iPhoneSimulator
		{7C088F1F-36C3-4B04-AA5B-BDD1BB775C92}.Release|Any CPU.Build.0 = Release|iPhoneSimulator
		{7C088F1F-36C3-4B04-AA5B-BDD1BB775C92}.Debug|iPhoneSimulator.ActiveCfg = Debug|iPhoneSimulator
		{7C088F1F-36C3-4B04-AA5B-BDD1BB775C92}.Debug|iPhoneSimulator.Build.0 = Debug|iPhoneSimulator
		{7C088F1F-36C3-4B04-AA5B-BDD1BB775C92}.Release|iPhoneSimulator.ActiveCfg = Release|iPhoneSimulator
		{7C088F1F-36C3-4B04-AA5B-BDD1BB775C92}.Release|iPhoneSimulator.Build.0 = Release|iPhoneSimulator
		{7C088F1F-36C3-4B04-AA5B-BDD1BB775C92}.Debug|iPhone.ActiveCfg = Debug|iPhone
		{7C088F1F-36C3-4B04-AA5B-BDD1BB775C92}.Debug|iPhone.Build.0 = Debug|iPhone
		{7C088F1F-36C3-4B04-AA5B-BDD1BB775C92}.Release|iPhone.ActiveCfg = Release|iPhone
		{7C088F1F-36C3-4B04-AA5B-BDD1BB775C92}.Release|iPhone.Build.0 = Release|iPhone
		{31C1F23E-23D3-4FF9-BC1B-FEB6D71D7E1C}.Debug|Any CPU.ActiveCfg = Debug|Any CPU
		{31C1F23E-23D3-4FF9-BC1B-FEB6D71D7E1C}.Debug|Any CPU.Build.0 = Debug|Any CPU
		{31C1F23E-23D3-4FF9-BC1B-FEB6D71D7E1C}.Release|Any CPU.ActiveCfg = Release|Any CPU
		{31C1F23E-23D3-4FF9-BC1B-FEB6D71D7E1C}.Release|Any CPU.Build.0 = Release|Any CPU
		{31C1F23E-23D3-4FF9-BC1B-FEB6D71D7E1C}.Debug|iPhoneSimulator.ActiveCfg = Debug|Any CPU
		{31C1F23E-23D3-4FF9-BC1B-FEB6D71D7E1C}.Debug|iPhoneSimulator.Build.0 = Debug|Any CPU
		{31C1F23E-23D3-4FF9-BC1B-FEB6D71D7E1C}.Release|iPhoneSimulator.ActiveCfg = Release|Any CPU
		{31C1F23E-23D3-4FF9-BC1B-FEB6D71D7E1C}.Release|iPhoneSimulator.Build.0 = Release|Any CPU
		{31C1F23E-23D3-4FF9-BC1B-FEB6D71D7E1C}.Debug|iPhone.ActiveCfg = Debug|Any CPU
		{31C1F23E-23D3-4FF9-BC1B-FEB6D71D7E1C}.Debug|iPhone.Build.0 = Debug|Any CPU
		{31C1F23E-23D3-4FF9-BC1B-FEB6D71D7E1C}.Release|iPhone.ActiveCfg = Release|Any CPU
		{31C1F23E-23D3-4FF9-BC1B-FEB6D71D7E1C}.Release|iPhone.Build.0 = Release|Any CPU
	EndGlobalSection
EndGlobal
